
Microsoft Visual Studio Solution File, Format Version 12.00
# Visual Studio Version 16
VisualStudioVersion = 16.0.32802.440
MinimumVisualStudioVersion = 10.0.40219.1
Project("{FAE04EC0-301F-11D3-BF4B-00C04F79EFBC}") = "SampleApplication", "SampleApplication\SampleApplication.csproj", "{4485D2BE-ECE2-4F1D-9BE6-01A50A8DDFE4}"
EndProject
Global
	GlobalSection(SolutionConfigurationPlatforms) = preSolution
		Debug|Any CPU = Debug|Any CPU
		Release|Any CPU = Release|Any CPU
	EndGlobalSection
	GlobalSection(ProjectConfigurationPlatforms) = postSolution
		{4485D2BE-ECE2-4F1D-9BE6-01A50A8DDFE4}.Debug|Any CPU.ActiveCfg = Debug|Any CPU
		{4485D2BE-ECE2-4F1D-9BE6-01A50A8DDFE4}.Debug|Any CPU.Build.0 = Debug|Any CPU
		{4485D2BE-ECE2-4F1D-9BE6-01A50A8DDFE4}.Release|Any CPU.ActiveCfg = Release|Any CPU
		{4485D2BE-ECE2-4F1D-9BE6-01A50A8DDFE4}.Release|Any CPU.Build.0 = Release|Any CPU
	EndGlobalSection
	GlobalSection(SolutionProperties) = preSolution
		HideSolutionNode = FALSE
	EndGlobalSection
	GlobalSection(ExtensibilityGlobals) = postSolution
		SolutionGuid = {C54E957A-076A-4C3D-A5E2-639B69029D87}
	EndGlobalSection
EndGlobal
